
Microsoft Visual Studio Solution File, Format Version 12.00
# Visual Studio Version 17
VisualStudioVersion = 17.7.34031.279
MinimumVisualStudioVersion = 10.0.40219.1
Project("{FAE04EC0-301F-11D3-BF4B-00C04F79EFBC}") = "Domaci", "Domaci.csproj", "{EDF78518-FA67-459C-A9B0-624480F8F2B5}"
EndProject
Global
	GlobalSection(SolutionConfigurationPlatforms) = preSolution
		Debug|Any CPU = Debug|Any CPU
		Release|Any CPU = Release|Any CPU
	EndGlobalSection
	GlobalSection(ProjectConfigurationPlatforms) = postSolution
		{EDF78518-FA67-459C-A9B0-624480F8F2B5}.Debug|Any CPU.ActiveCfg = Debug|Any CPU
		{EDF78518-FA67-459C-A9B0-624480F8F2B5}.Debug|Any CPU.Build.0 = Debug|Any CPU
		{EDF78518-FA67-459C-A9B0-624480F8F2B5}.Release|Any CPU.ActiveCfg = Release|Any CPU
		{EDF78518-FA67-459C-A9B0-624480F8F2B5}.Release|Any CPU.Build.0 = Release|Any CPU
	EndGlobalSection
	GlobalSection(SolutionProperties) = preSolution
		HideSolutionNode = FALSE
	EndGlobalSection
	GlobalSection(ExtensibilityGlobals) = postSolution
		SolutionGuid = {D438E0EE-2076-4788-A3D4-54FCCDCD60AE}
	EndGlobalSection
EndGlobal
